// !$*UTF8*$!
{
	archiveVersion = 1;
	classes = {
	};
	objectVersion = 46;
	objects = {

/* Begin PBXBuildFile section */
		1F80EC1BE970F24EC7CD0FFF /* Pods_rensouUITests.framework in Frameworks */ = {isa = PBXBuildFile; fileRef = 07963679FB4B3E2A274843C9 /* Pods_rensouUITests.framework */; };
		B7583A87823BAF60D4AE5779 /* Pods_rensouTests.framework in Frameworks */ = {isa = PBXBuildFile; fileRef = 1562D05FC1F9B24426DF1E0C /* Pods_rensouTests.framework */; };
		D6EAD288407AAEB00D465366 /* Pods_rensou.framework in Frameworks */ = {isa = PBXBuildFile; fileRef = 193EA251100158390653C38D /* Pods_rensou.framework */; };
		DB139A5B1F2DC57D00155291 /* RensouRequest.swift in Sources */ = {isa = PBXBuildFile; fileRef = DB139A5A1F2DC57D00155291 /* RensouRequest.swift */; };
		DB139A5D1F2DC9D900155291 /* DecodableDataParser.swift in Sources */ = {isa = PBXBuildFile; fileRef = DB139A5C1F2DC9D900155291 /* DecodableDataParser.swift */; };
		DB139A5F1F2DCA1D00155291 /* RensouApi.swift in Sources */ = {isa = PBXBuildFile; fileRef = DB139A5E1F2DCA1D00155291 /* RensouApi.swift */; };
		DB206E551EF2CDA100392576 /* ResultViewController.swift in Sources */ = {isa = PBXBuildFile; fileRef = DB206E541EF2CDA100392576 /* ResultViewController.swift */; };
		DB206E591EFFD98500392576 /* GoogleService-Info.plist in Resources */ = {isa = PBXBuildFile; fileRef = DB206E581EFFD98500392576 /* GoogleService-Info.plist */; };
		DB206E5D1EFFEE1000392576 /* Config.plist in Resources */ = {isa = PBXBuildFile; fileRef = DB206E5C1EFFEE1000392576 /* Config.plist */; };
		DB22F5B11F1B5781005BBC12 /* RankingViewController.swift in Sources */ = {isa = PBXBuildFile; fileRef = DB22F5B01F1B5781005BBC12 /* RankingViewController.swift */; };
		DB22F5B31F1BA564005BBC12 /* RankingRensouCell.swift in Sources */ = {isa = PBXBuildFile; fileRef = DB22F5B21F1BA564005BBC12 /* RankingRensouCell.swift */; };
		DB2AA73B1F24EE2D00D359EE /* RensouUtil.swift in Sources */ = {isa = PBXBuildFile; fileRef = DB2AA73A1F24EE2D00D359EE /* RensouUtil.swift */; };
		DB3E21101EE3D57000F7CC24 /* QuestionViewController.swift in Sources */ = {isa = PBXBuildFile; fileRef = DB3E210F1EE3D57000F7CC24 /* QuestionViewController.swift */; };
		DB3E21121EE4048600F7CC24 /* RoomCell.swift in Sources */ = {isa = PBXBuildFile; fileRef = DB3E21111EE4048600F7CC24 /* RoomCell.swift */; };
		DB76A1E71EE4207A00125B09 /* RoomType.swift in Sources */ = {isa = PBXBuildFile; fileRef = DB76A1E61EE4207A00125B09 /* RoomType.swift */; };
		DB76A1E91EE423DE00125B09 /* EnumEnumerable.swift in Sources */ = {isa = PBXBuildFile; fileRef = DB76A1E81EE423DE00125B09 /* EnumEnumerable.swift */; };
		DB76A1EB1EE431E500125B09 /* UIColor+Hex.swift in Sources */ = {isa = PBXBuildFile; fileRef = DB76A1EA1EE431E500125B09 /* UIColor+Hex.swift */; };
		DB9F09051ED6F23500F3A263 /* AppDelegate.swift in Sources */ = {isa = PBXBuildFile; fileRef = DB9F09041ED6F23500F3A263 /* AppDelegate.swift */; };
		DB9F09071ED6F23500F3A263 /* SelectRoomViewController.swift in Sources */ = {isa = PBXBuildFile; fileRef = DB9F09061ED6F23500F3A263 /* SelectRoomViewController.swift */; };
		DB9F090A1ED6F23500F3A263 /* Main.storyboard in Resources */ = {isa = PBXBuildFile; fileRef = DB9F09081ED6F23500F3A263 /* Main.storyboard */; };
		DB9F090C1ED6F23500F3A263 /* Assets.xcassets in Resources */ = {isa = PBXBuildFile; fileRef = DB9F090B1ED6F23500F3A263 /* Assets.xcassets */; };
		DB9F090F1ED6F23500F3A263 /* LaunchScreen.storyboard in Resources */ = {isa = PBXBuildFile; fileRef = DB9F090D1ED6F23500F3A263 /* LaunchScreen.storyboard */; };
		DB9F091A1ED6F23600F3A263 /* rensouTests.swift in Sources */ = {isa = PBXBuildFile; fileRef = DB9F09191ED6F23600F3A263 /* rensouTests.swift */; };
		DB9F09251ED6F23600F3A263 /* rensouUITests.swift in Sources */ = {isa = PBXBuildFile; fileRef = DB9F09241ED6F23600F3A263 /* rensouUITests.swift */; };
		DBC0AFCF1F120D5900773916 /* Rensou.swift in Sources */ = {isa = PBXBuildFile; fileRef = DBC0AFCE1F120D5900773916 /* Rensou.swift */; };
		DBC0AFD31F12545E00773916 /* ResultRensouCell.swift in Sources */ = {isa = PBXBuildFile; fileRef = DBC0AFD21F12545E00773916 /* ResultRensouCell.swift */; };
/* End PBXBuildFile section */

/* Begin PBXContainerItemProxy section */
		DB9F09161ED6F23500F3A263 /* PBXContainerItemProxy */ = {
			isa = PBXContainerItemProxy;
			containerPortal = DB9F08F91ED6F23500F3A263 /* Project object */;
			proxyType = 1;
			remoteGlobalIDString = DB9F09001ED6F23500F3A263;
			remoteInfo = rensou;
		};
		DB9F09211ED6F23600F3A263 /* PBXContainerItemProxy */ = {
			isa = PBXContainerItemProxy;
			containerPortal = DB9F08F91ED6F23500F3A263 /* Project object */;
			proxyType = 1;
			remoteGlobalIDString = DB9F09001ED6F23500F3A263;
			remoteInfo = rensou;
		};
/* End PBXContainerItemProxy section */

/* Begin PBXFileReference section */
		02A6C3FD50C9D77682A3B9FF /* Pods-rensouTests.release.xcconfig */ = {isa = PBXFileReference; includeInIndex = 1; lastKnownFileType = text.xcconfig; name = "Pods-rensouTests.release.xcconfig"; path = "Pods/Target Support Files/Pods-rensouTests/Pods-rensouTests.release.xcconfig"; sourceTree = "<group>"; };
		07963679FB4B3E2A274843C9 /* Pods_rensouUITests.framework */ = {isa = PBXFileReference; explicitFileType = wrapper.framework; includeInIndex = 0; path = Pods_rensouUITests.framework; sourceTree = BUILT_PRODUCTS_DIR; };
		1562D05FC1F9B24426DF1E0C /* Pods_rensouTests.framework */ = {isa = PBXFileReference; explicitFileType = wrapper.framework; includeInIndex = 0; path = Pods_rensouTests.framework; sourceTree = BUILT_PRODUCTS_DIR; };
		193EA251100158390653C38D /* Pods_rensou.framework */ = {isa = PBXFileReference; explicitFileType = wrapper.framework; includeInIndex = 0; path = Pods_rensou.framework; sourceTree = BUILT_PRODUCTS_DIR; };
		61C4DCE39D2F494AF7FF9B2A /* Pods-rensouTests.debug.xcconfig */ = {isa = PBXFileReference; includeInIndex = 1; lastKnownFileType = text.xcconfig; name = "Pods-rensouTests.debug.xcconfig"; path = "Pods/Target Support Files/Pods-rensouTests/Pods-rensouTests.debug.xcconfig"; sourceTree = "<group>"; };
		6F4E282EE9999A319449E1DD /* Pods-rensou.debug.xcconfig */ = {isa = PBXFileReference; includeInIndex = 1; lastKnownFileType = text.xcconfig; name = "Pods-rensou.debug.xcconfig"; path = "Pods/Target Support Files/Pods-rensou/Pods-rensou.debug.xcconfig"; sourceTree = "<group>"; };
		9D65FC8154DEB366FC061C75 /* Pods-rensou.release.xcconfig */ = {isa = PBXFileReference; includeInIndex = 1; lastKnownFileType = text.xcconfig; name = "Pods-rensou.release.xcconfig"; path = "Pods/Target Support Files/Pods-rensou/Pods-rensou.release.xcconfig"; sourceTree = "<group>"; };
		C6DE68A412D37A4188F41860 /* Pods-rensouUITests.debug.xcconfig */ = {isa = PBXFileReference; includeInIndex = 1; lastKnownFileType = text.xcconfig; name = "Pods-rensouUITests.debug.xcconfig"; path = "Pods/Target Support Files/Pods-rensouUITests/Pods-rensouUITests.debug.xcconfig"; sourceTree = "<group>"; };
		DB139A5A1F2DC57D00155291 /* RensouRequest.swift */ = {isa = PBXFileReference; lastKnownFileType = sourcecode.swift; path = RensouRequest.swift; sourceTree = "<group>"; };
		DB139A5C1F2DC9D900155291 /* DecodableDataParser.swift */ = {isa = PBXFileReference; lastKnownFileType = sourcecode.swift; path = DecodableDataParser.swift; sourceTree = "<group>"; };
		DB139A5E1F2DCA1D00155291 /* RensouApi.swift */ = {isa = PBXFileReference; lastKnownFileType = sourcecode.swift; path = RensouApi.swift; sourceTree = "<group>"; };
		DB206E541EF2CDA100392576 /* ResultViewController.swift */ = {isa = PBXFileReference; fileEncoding = 4; lastKnownFileType = sourcecode.swift; path = ResultViewController.swift; sourceTree = "<group>"; };
		DB206E581EFFD98500392576 /* GoogleService-Info.plist */ = {isa = PBXFileReference; fileEncoding = 4; lastKnownFileType = text.plist.xml; name = "GoogleService-Info.plist"; path = "../GoogleService-Info.plist"; sourceTree = "<group>"; };
		DB206E5A1EFFDAC600392576 /* AdSupport.framework */ = {isa = PBXFileReference; lastKnownFileType = wrapper.framework; name = AdSupport.framework; path = System/Library/Frameworks/AdSupport.framework; sourceTree = SDKROOT; };
		DB206E5C1EFFEE1000392576 /* Config.plist */ = {isa = PBXFileReference; fileEncoding = 4; lastKnownFileType = text.plist.xml; path = Config.plist; sourceTree = "<group>"; };
		DB22F5B01F1B5781005BBC12 /* RankingViewController.swift */ = {isa = PBXFileReference; fileEncoding = 4; lastKnownFileType = sourcecode.swift; path = RankingViewController.swift; sourceTree = "<group>"; };
		DB22F5B21F1BA564005BBC12 /* RankingRensouCell.swift */ = {isa = PBXFileReference; fileEncoding = 4; lastKnownFileType = sourcecode.swift; path = RankingRensouCell.swift; sourceTree = "<group>"; };
		DB2AA73A1F24EE2D00D359EE /* RensouUtil.swift */ = {isa = PBXFileReference; fileEncoding = 4; lastKnownFileType = sourcecode.swift; path = RensouUtil.swift; sourceTree = "<group>"; };
		DB3E210F1EE3D57000F7CC24 /* QuestionViewController.swift */ = {isa = PBXFileReference; fileEncoding = 4; lastKnownFileType = sourcecode.swift; path = QuestionViewController.swift; sourceTree = "<group>"; };
		DB3E21111EE4048600F7CC24 /* RoomCell.swift */ = {isa = PBXFileReference; fileEncoding = 4; lastKnownFileType = sourcecode.swift; path = RoomCell.swift; sourceTree = "<group>"; };
		DB76A1E61EE4207A00125B09 /* RoomType.swift */ = {isa = PBXFileReference; fileEncoding = 4; lastKnownFileType = sourcecode.swift; path = RoomType.swift; sourceTree = "<group>"; };
		DB76A1E81EE423DE00125B09 /* EnumEnumerable.swift */ = {isa = PBXFileReference; fileEncoding = 4; lastKnownFileType = sourcecode.swift; path = EnumEnumerable.swift; sourceTree = "<group>"; };
		DB76A1EA1EE431E500125B09 /* UIColor+Hex.swift */ = {isa = PBXFileReference; fileEncoding = 4; lastKnownFileType = sourcecode.swift; path = "UIColor+Hex.swift"; sourceTree = "<group>"; };
		DB9F09011ED6F23500F3A263 /* rensou.app */ = {isa = PBXFileReference; explicitFileType = wrapper.application; includeInIndex = 0; path = rensou.app; sourceTree = BUILT_PRODUCTS_DIR; };
		DB9F09041ED6F23500F3A263 /* AppDelegate.swift */ = {isa = PBXFileReference; lastKnownFileType = sourcecode.swift; path = AppDelegate.swift; sourceTree = "<group>"; };
		DB9F09061ED6F23500F3A263 /* SelectRoomViewController.swift */ = {isa = PBXFileReference; lastKnownFileType = sourcecode.swift; path = SelectRoomViewController.swift; sourceTree = "<group>"; };
		DB9F09091ED6F23500F3A263 /* Base */ = {isa = PBXFileReference; lastKnownFileType = file.storyboard; name = Base; path = Base.lproj/Main.storyboard; sourceTree = "<group>"; };
		DB9F090B1ED6F23500F3A263 /* Assets.xcassets */ = {isa = PBXFileReference; lastKnownFileType = folder.assetcatalog; path = Assets.xcassets; sourceTree = "<group>"; };
		DB9F090E1ED6F23500F3A263 /* Base */ = {isa = PBXFileReference; lastKnownFileType = file.storyboard; name = Base; path = Base.lproj/LaunchScreen.storyboard; sourceTree = "<group>"; };
		DB9F09101ED6F23500F3A263 /* Info.plist */ = {isa = PBXFileReference; lastKnownFileType = text.plist.xml; path = Info.plist; sourceTree = "<group>"; };
		DB9F09151ED6F23500F3A263 /* rensouTests.xctest */ = {isa = PBXFileReference; explicitFileType = wrapper.cfbundle; includeInIndex = 0; path = rensouTests.xctest; sourceTree = BUILT_PRODUCTS_DIR; };
		DB9F09191ED6F23600F3A263 /* rensouTests.swift */ = {isa = PBXFileReference; lastKnownFileType = sourcecode.swift; path = rensouTests.swift; sourceTree = "<group>"; };
		DB9F091B1ED6F23600F3A263 /* Info.plist */ = {isa = PBXFileReference; lastKnownFileType = text.plist.xml; path = Info.plist; sourceTree = "<group>"; };
		DB9F09201ED6F23600F3A263 /* rensouUITests.xctest */ = {isa = PBXFileReference; explicitFileType = wrapper.cfbundle; includeInIndex = 0; path = rensouUITests.xctest; sourceTree = BUILT_PRODUCTS_DIR; };
		DB9F09241ED6F23600F3A263 /* rensouUITests.swift */ = {isa = PBXFileReference; lastKnownFileType = sourcecode.swift; path = rensouUITests.swift; sourceTree = "<group>"; };
		DB9F09261ED6F23600F3A263 /* Info.plist */ = {isa = PBXFileReference; lastKnownFileType = text.plist.xml; path = Info.plist; sourceTree = "<group>"; };
		DBC0AFCE1F120D5900773916 /* Rensou.swift */ = {isa = PBXFileReference; fileEncoding = 4; lastKnownFileType = sourcecode.swift; path = Rensou.swift; sourceTree = "<group>"; };
		DBC0AFD21F12545E00773916 /* ResultRensouCell.swift */ = {isa = PBXFileReference; fileEncoding = 4; lastKnownFileType = sourcecode.swift; path = ResultRensouCell.swift; sourceTree = "<group>"; };
		F3055DA17A215869B67F6CE4 /* Pods-rensouUITests.release.xcconfig */ = {isa = PBXFileReference; includeInIndex = 1; lastKnownFileType = text.xcconfig; name = "Pods-rensouUITests.release.xcconfig"; path = "Pods/Target Support Files/Pods-rensouUITests/Pods-rensouUITests.release.xcconfig"; sourceTree = "<group>"; };
/* End PBXFileReference section */

/* Begin PBXFrameworksBuildPhase section */
		DB9F08FE1ED6F23500F3A263 /* Frameworks */ = {
			isa = PBXFrameworksBuildPhase;
			buildActionMask = 2147483647;
			files = (
				D6EAD288407AAEB00D465366 /* Pods_rensou.framework in Frameworks */,
			);
			runOnlyForDeploymentPostprocessing = 0;
		};
		DB9F09121ED6F23500F3A263 /* Frameworks */ = {
			isa = PBXFrameworksBuildPhase;
			buildActionMask = 2147483647;
			files = (
				B7583A87823BAF60D4AE5779 /* Pods_rensouTests.framework in Frameworks */,
			);
			runOnlyForDeploymentPostprocessing = 0;
		};
		DB9F091D1ED6F23600F3A263 /* Frameworks */ = {
			isa = PBXFrameworksBuildPhase;
			buildActionMask = 2147483647;
			files = (
				1F80EC1BE970F24EC7CD0FFF /* Pods_rensouUITests.framework in Frameworks */,
			);
			runOnlyForDeploymentPostprocessing = 0;
		};
/* End PBXFrameworksBuildPhase section */

/* Begin PBXGroup section */
		54A3A546F91322D18F22BD95 /* Pods */ = {
			isa = PBXGroup;
			children = (
				6F4E282EE9999A319449E1DD /* Pods-rensou.debug.xcconfig */,
				9D65FC8154DEB366FC061C75 /* Pods-rensou.release.xcconfig */,
				61C4DCE39D2F494AF7FF9B2A /* Pods-rensouTests.debug.xcconfig */,
				02A6C3FD50C9D77682A3B9FF /* Pods-rensouTests.release.xcconfig */,
				C6DE68A412D37A4188F41860 /* Pods-rensouUITests.debug.xcconfig */,
				F3055DA17A215869B67F6CE4 /* Pods-rensouUITests.release.xcconfig */,
			);
			name = Pods;
			sourceTree = "<group>";
		};
		96424BFE1A8043C9F01C9428 /* Frameworks */ = {
			isa = PBXGroup;
			children = (
				DB206E5A1EFFDAC600392576 /* AdSupport.framework */,
				193EA251100158390653C38D /* Pods_rensou.framework */,
				1562D05FC1F9B24426DF1E0C /* Pods_rensouTests.framework */,
				07963679FB4B3E2A274843C9 /* Pods_rensouUITests.framework */,
			);
			name = Frameworks;
			sourceTree = "<group>";
		};
		DB139A581F2DC08E00155291 /* model */ = {
			isa = PBXGroup;
			children = (
				DB76A1E61EE4207A00125B09 /* RoomType.swift */,
				DBC0AFCE1F120D5900773916 /* Rensou.swift */,
			);
			path = model;
			sourceTree = "<group>";
		};
		DB139A591F2DC13700155291 /* api */ = {
			isa = PBXGroup;
			children = (
				DB139A5A1F2DC57D00155291 /* RensouRequest.swift */,
				DB139A5C1F2DC9D900155291 /* DecodableDataParser.swift */,
				DB139A5E1F2DCA1D00155291 /* RensouApi.swift */,
			);
			path = api;
			sourceTree = "<group>";
		};
		DB139A631F2E0B7D00155291 /* util */ = {
			isa = PBXGroup;
			children = (
				DB76A1E81EE423DE00125B09 /* EnumEnumerable.swift */,
				DB2AA73A1F24EE2D00D359EE /* RensouUtil.swift */,
			);
			path = util;
			sourceTree = "<group>";
		};
		DB139A641F2E0BDF00155291 /* cell */ = {
			isa = PBXGroup;
			children = (
				DB3E21111EE4048600F7CC24 /* RoomCell.swift */,
				DBC0AFD21F12545E00773916 /* ResultRensouCell.swift */,
				DB22F5B21F1BA564005BBC12 /* RankingRensouCell.swift */,
			);
			path = cell;
			sourceTree = "<group>";
		};
		DB76A1EC1EE4371200125B09 /* extensions */ = {
			isa = PBXGroup;
			children = (
				DB76A1EA1EE431E500125B09 /* UIColor+Hex.swift */,
			);
			name = extensions;
			sourceTree = "<group>";
		};
		DB9F08F81ED6F23500F3A263 = {
			isa = PBXGroup;
			children = (
				DB9F09031ED6F23500F3A263 /* rensou */,
				DB9F09181ED6F23600F3A263 /* rensouTests */,
				DB9F09231ED6F23600F3A263 /* rensouUITests */,
				DB9F09021ED6F23500F3A263 /* Products */,
				54A3A546F91322D18F22BD95 /* Pods */,
				96424BFE1A8043C9F01C9428 /* Frameworks */,
			);
			sourceTree = "<group>";
		};
		DB9F09021ED6F23500F3A263 /* Products */ = {
			isa = PBXGroup;
			children = (
				DB9F09011ED6F23500F3A263 /* rensou.app */,
				DB9F09151ED6F23500F3A263 /* rensouTests.xctest */,
				DB9F09201ED6F23600F3A263 /* rensouUITests.xctest */,
			);
			name = Products;
			sourceTree = "<group>";
		};
		DB9F09031ED6F23500F3A263 /* rensou */ = {
			isa = PBXGroup;
			children = (
				DB139A591F2DC13700155291 /* api */,
				DB139A581F2DC08E00155291 /* model */,
				DB139A631F2E0B7D00155291 /* util */,
				DB76A1EC1EE4371200125B09 /* extensions */,
				DB139A641F2E0BDF00155291 /* cell */,
				DB9F090B1ED6F23500F3A263 /* Assets.xcassets */,
				DB9F09081ED6F23500F3A263 /* Main.storyboard */,
				DB9F090D1ED6F23500F3A263 /* LaunchScreen.storyboard */,
				DB9F09101ED6F23500F3A263 /* Info.plist */,
				DB206E5C1EFFEE1000392576 /* Config.plist */,
				DB206E581EFFD98500392576 /* GoogleService-Info.plist */,
				DB9F09041ED6F23500F3A263 /* AppDelegate.swift */,
				DB9F09061ED6F23500F3A263 /* SelectRoomViewController.swift */,
				DB3E210F1EE3D57000F7CC24 /* QuestionViewController.swift */,
				DB206E541EF2CDA100392576 /* ResultViewController.swift */,
				DB22F5B01F1B5781005BBC12 /* RankingViewController.swift */,
			);
			path = rensou;
			sourceTree = "<group>";
		};
		DB9F09181ED6F23600F3A263 /* rensouTests */ = {
			isa = PBXGroup;
			children = (
				DB9F09191ED6F23600F3A263 /* rensouTests.swift */,
				DB9F091B1ED6F23600F3A263 /* Info.plist */,
			);
			path = rensouTests;
			sourceTree = "<group>";
		};
		DB9F09231ED6F23600F3A263 /* rensouUITests */ = {
			isa = PBXGroup;
			children = (
				DB9F09241ED6F23600F3A263 /* rensouUITests.swift */,
				DB9F09261ED6F23600F3A263 /* Info.plist */,
			);
			path = rensouUITests;
			sourceTree = "<group>";
		};
/* End PBXGroup section */

/* Begin PBXNativeTarget section */
		DB9F09001ED6F23500F3A263 /* rensou */ = {
			isa = PBXNativeTarget;
			buildConfigurationList = DB9F09291ED6F23600F3A263 /* Build configuration list for PBXNativeTarget "rensou" */;
			buildPhases = (
				9BF560079820C40381FC84E4 /* [CP] Check Pods Manifest.lock */,
				DB9F08FD1ED6F23500F3A263 /* Sources */,
				DB9F08FE1ED6F23500F3A263 /* Frameworks */,
				DB9F08FF1ED6F23500F3A263 /* Resources */,
				B9F32BF533925CA07A53A403 /* [CP] Embed Pods Frameworks */,
				DF82567726689D1BA210ECB4 /* [CP] Copy Pods Resources */,
			);
			buildRules = (
			);
			dependencies = (
			);
			name = rensou;
			productName = rensou;
			productReference = DB9F09011ED6F23500F3A263 /* rensou.app */;
			productType = "com.apple.product-type.application";
		};
		DB9F09141ED6F23500F3A263 /* rensouTests */ = {
			isa = PBXNativeTarget;
			buildConfigurationList = DB9F092C1ED6F23600F3A263 /* Build configuration list for PBXNativeTarget "rensouTests" */;
			buildPhases = (
				8A570316531A34EE8696C699 /* [CP] Check Pods Manifest.lock */,
				DB9F09111ED6F23500F3A263 /* Sources */,
				DB9F09121ED6F23500F3A263 /* Frameworks */,
				DB9F09131ED6F23500F3A263 /* Resources */,
				A4440FFDE67661EB81928CA1 /* [CP] Embed Pods Frameworks */,
				5BEE58EEEB6EBD74710CDC22 /* [CP] Copy Pods Resources */,
			);
			buildRules = (
			);
			dependencies = (
				DB9F09171ED6F23500F3A263 /* PBXTargetDependency */,
			);
			name = rensouTests;
			productName = rensouTests;
			productReference = DB9F09151ED6F23500F3A263 /* rensouTests.xctest */;
			productType = "com.apple.product-type.bundle.unit-test";
		};
		DB9F091F1ED6F23600F3A263 /* rensouUITests */ = {
			isa = PBXNativeTarget;
			buildConfigurationList = DB9F092F1ED6F23600F3A263 /* Build configuration list for PBXNativeTarget "rensouUITests" */;
			buildPhases = (
				5FB6BF866834FCEB0197F4B6 /* [CP] Check Pods Manifest.lock */,
				DB9F091C1ED6F23600F3A263 /* Sources */,
				DB9F091D1ED6F23600F3A263 /* Frameworks */,
				DB9F091E1ED6F23600F3A263 /* Resources */,
				1F402E9E6C90134D5EC73047 /* [CP] Embed Pods Frameworks */,
				32F0FDDB00D5A4F5AFD9FB70 /* [CP] Copy Pods Resources */,
			);
			buildRules = (
			);
			dependencies = (
				DB9F09221ED6F23600F3A263 /* PBXTargetDependency */,
			);
			name = rensouUITests;
			productName = rensouUITests;
			productReference = DB9F09201ED6F23600F3A263 /* rensouUITests.xctest */;
			productType = "com.apple.product-type.bundle.ui-testing";
		};
/* End PBXNativeTarget section */

/* Begin PBXProject section */
		DB9F08F91ED6F23500F3A263 /* Project object */ = {
			isa = PBXProject;
			attributes = {
				LastSwiftUpdateCheck = 0830;
				LastUpgradeCheck = 0900;
				ORGANIZATIONNAME = "Yuichi Kobayashi";
				TargetAttributes = {
					DB9F09001ED6F23500F3A263 = {
						CreatedOnToolsVersion = 8.3.2;
						DevelopmentTeam = 36XBSC9G66;
						LastSwiftMigration = 0900;
						ProvisioningStyle = Automatic;
					};
					DB9F09141ED6F23500F3A263 = {
						CreatedOnToolsVersion = 8.3.2;
						LastSwiftMigration = 0900;
						ProvisioningStyle = Automatic;
						TestTargetID = DB9F09001ED6F23500F3A263;
					};
					DB9F091F1ED6F23600F3A263 = {
						CreatedOnToolsVersion = 8.3.2;
						LastSwiftMigration = 0900;
						ProvisioningStyle = Automatic;
						TestTargetID = DB9F09001ED6F23500F3A263;
					};
				};
			};
			buildConfigurationList = DB9F08FC1ED6F23500F3A263 /* Build configuration list for PBXProject "rensou" */;
			compatibilityVersion = "Xcode 3.2";
			developmentRegion = English;
			hasScannedForEncodings = 0;
			knownRegions = (
				en,
				Base,
			);
			mainGroup = DB9F08F81ED6F23500F3A263;
			productRefGroup = DB9F09021ED6F23500F3A263 /* Products */;
			projectDirPath = "";
			projectRoot = "";
			targets = (
				DB9F09001ED6F23500F3A263 /* rensou */,
				DB9F09141ED6F23500F3A263 /* rensouTests */,
				DB9F091F1ED6F23600F3A263 /* rensouUITests */,
			);
		};
/* End PBXProject section */

/* Begin PBXResourcesBuildPhase section */
		DB9F08FF1ED6F23500F3A263 /* Resources */ = {
			isa = PBXResourcesBuildPhase;
			buildActionMask = 2147483647;
			files = (
				DB9F090F1ED6F23500F3A263 /* LaunchScreen.storyboard in Resources */,
				DB206E591EFFD98500392576 /* GoogleService-Info.plist in Resources */,
				DB9F090C1ED6F23500F3A263 /* Assets.xcassets in Resources */,
				DB9F090A1ED6F23500F3A263 /* Main.storyboard in Resources */,
				DB206E5D1EFFEE1000392576 /* Config.plist in Resources */,
			);
			runOnlyForDeploymentPostprocessing = 0;
		};
		DB9F09131ED6F23500F3A263 /* Resources */ = {
			isa = PBXResourcesBuildPhase;
			buildActionMask = 2147483647;
			files = (
			);
			runOnlyForDeploymentPostprocessing = 0;
		};
		DB9F091E1ED6F23600F3A263 /* Resources */ = {
			isa = PBXResourcesBuildPhase;
			buildActionMask = 2147483647;
			files = (
			);
			runOnlyForDeploymentPostprocessing = 0;
		};
/* End PBXResourcesBuildPhase section */

/* Begin PBXShellScriptBuildPhase section */
		1F402E9E6C90134D5EC73047 /* [CP] Embed Pods Frameworks */ = {
			isa = PBXShellScriptBuildPhase;
			buildActionMask = 2147483647;
			files = (
			);
			inputPaths = (
			);
			name = "[CP] Embed Pods Frameworks";
			outputPaths = (
			);
			runOnlyForDeploymentPostprocessing = 0;
			shellPath = /bin/sh;
			shellScript = "\"${SRCROOT}/Pods/Target Support Files/Pods-rensouUITests/Pods-rensouUITests-frameworks.sh\"\n";
			showEnvVarsInLog = 0;
		};
		32F0FDDB00D5A4F5AFD9FB70 /* [CP] Copy Pods Resources */ = {
			isa = PBXShellScriptBuildPhase;
			buildActionMask = 2147483647;
			files = (
			);
			inputPaths = (
			);
			name = "[CP] Copy Pods Resources";
			outputPaths = (
			);
			runOnlyForDeploymentPostprocessing = 0;
			shellPath = /bin/sh;
			shellScript = "\"${SRCROOT}/Pods/Target Support Files/Pods-rensouUITests/Pods-rensouUITests-resources.sh\"\n";
			showEnvVarsInLog = 0;
		};
		5BEE58EEEB6EBD74710CDC22 /* [CP] Copy Pods Resources */ = {
			isa = PBXShellScriptBuildPhase;
			buildActionMask = 2147483647;
			files = (
			);
			inputPaths = (
			);
			name = "[CP] Copy Pods Resources";
			outputPaths = (
			);
			runOnlyForDeploymentPostprocessing = 0;
			shellPath = /bin/sh;
			shellScript = "\"${SRCROOT}/Pods/Target Support Files/Pods-rensouTests/Pods-rensouTests-resources.sh\"\n";
			showEnvVarsInLog = 0;
		};
		5FB6BF866834FCEB0197F4B6 /* [CP] Check Pods Manifest.lock */ = {
			isa = PBXShellScriptBuildPhase;
			buildActionMask = 2147483647;
			files = (
			);
			inputPaths = (
			);
			name = "[CP] Check Pods Manifest.lock";
			outputPaths = (
			);
			runOnlyForDeploymentPostprocessing = 0;
			shellPath = /bin/sh;
			shellScript = "diff \"${PODS_PODFILE_DIR_PATH}/Podfile.lock\" \"${PODS_ROOT}/Manifest.lock\" > /dev/null\nif [ $? != 0 ] ; then\n    # print error to STDERR\n    echo \"error: The sandbox is not in sync with the Podfile.lock. Run 'pod install' or update your CocoaPods installation.\" >&2\n    exit 1\nfi\n";
			showEnvVarsInLog = 0;
		};
		8A570316531A34EE8696C699 /* [CP] Check Pods Manifest.lock */ = {
			isa = PBXShellScriptBuildPhase;
			buildActionMask = 2147483647;
			files = (
			);
			inputPaths = (
			);
			name = "[CP] Check Pods Manifest.lock";
			outputPaths = (
			);
			runOnlyForDeploymentPostprocessing = 0;
			shellPath = /bin/sh;
			shellScript = "diff \"${PODS_PODFILE_DIR_PATH}/Podfile.lock\" \"${PODS_ROOT}/Manifest.lock\" > /dev/null\nif [ $? != 0 ] ; then\n    # print error to STDERR\n    echo \"error: The sandbox is not in sync with the Podfile.lock. Run 'pod install' or update your CocoaPods installation.\" >&2\n    exit 1\nfi\n";
			showEnvVarsInLog = 0;
		};
		9BF560079820C40381FC84E4 /* [CP] Check Pods Manifest.lock */ = {
			isa = PBXShellScriptBuildPhase;
			buildActionMask = 2147483647;
			files = (
			);
			inputPaths = (
			);
			name = "[CP] Check Pods Manifest.lock";
			outputPaths = (
			);
			runOnlyForDeploymentPostprocessing = 0;
			shellPath = /bin/sh;
			shellScript = "diff \"${PODS_PODFILE_DIR_PATH}/Podfile.lock\" \"${PODS_ROOT}/Manifest.lock\" > /dev/null\nif [ $? != 0 ] ; then\n    # print error to STDERR\n    echo \"error: The sandbox is not in sync with the Podfile.lock. Run 'pod install' or update your CocoaPods installation.\" >&2\n    exit 1\nfi\n";
			showEnvVarsInLog = 0;
		};
		A4440FFDE67661EB81928CA1 /* [CP] Embed Pods Frameworks */ = {
			isa = PBXShellScriptBuildPhase;
			buildActionMask = 2147483647;
			files = (
			);
			inputPaths = (
			);
			name = "[CP] Embed Pods Frameworks";
			outputPaths = (
			);
			runOnlyForDeploymentPostprocessing = 0;
			shellPath = /bin/sh;
			shellScript = "\"${SRCROOT}/Pods/Target Support Files/Pods-rensouTests/Pods-rensouTests-frameworks.sh\"\n";
			showEnvVarsInLog = 0;
		};
		B9F32BF533925CA07A53A403 /* [CP] Embed Pods Frameworks */ = {
			isa = PBXShellScriptBuildPhase;
			buildActionMask = 2147483647;
			files = (
			);
			inputPaths = (
			);
			name = "[CP] Embed Pods Frameworks";
			outputPaths = (
			);
			runOnlyForDeploymentPostprocessing = 0;
			shellPath = /bin/sh;
			shellScript = "\"${SRCROOT}/Pods/Target Support Files/Pods-rensou/Pods-rensou-frameworks.sh\"\n";
			showEnvVarsInLog = 0;
		};
		DF82567726689D1BA210ECB4 /* [CP] Copy Pods Resources */ = {
			isa = PBXShellScriptBuildPhase;
			buildActionMask = 2147483647;
			files = (
			);
			inputPaths = (
			);
			name = "[CP] Copy Pods Resources";
			outputPaths = (
			);
			runOnlyForDeploymentPostprocessing = 0;
			shellPath = /bin/sh;
			shellScript = "\"${SRCROOT}/Pods/Target Support Files/Pods-rensou/Pods-rensou-resources.sh\"\n";
			showEnvVarsInLog = 0;
		};
/* End PBXShellScriptBuildPhase section */

/* Begin PBXSourcesBuildPhase section */
		DB9F08FD1ED6F23500F3A263 /* Sources */ = {
			isa = PBXSourcesBuildPhase;
			buildActionMask = 2147483647;
			files = (
				DB139A5F1F2DCA1D00155291 /* RensouApi.swift in Sources */,
				DB9F09071ED6F23500F3A263 /* SelectRoomViewController.swift in Sources */,
				DB76A1EB1EE431E500125B09 /* UIColor+Hex.swift in Sources */,
				DB9F09051ED6F23500F3A263 /* AppDelegate.swift in Sources */,
				DB206E551EF2CDA100392576 /* ResultViewController.swift in Sources */,
				DB22F5B31F1BA564005BBC12 /* RankingRensouCell.swift in Sources */,
				DB76A1E71EE4207A00125B09 /* RoomType.swift in Sources */,
				DB139A5B1F2DC57D00155291 /* RensouRequest.swift in Sources */,
				DB2AA73B1F24EE2D00D359EE /* RensouUtil.swift in Sources */,
				DB139A5D1F2DC9D900155291 /* DecodableDataParser.swift in Sources */,
				DB76A1E91EE423DE00125B09 /* EnumEnumerable.swift in Sources */,
				DBC0AFCF1F120D5900773916 /* Rensou.swift in Sources */,
				DB3E21121EE4048600F7CC24 /* RoomCell.swift in Sources */,
				DBC0AFD31F12545E00773916 /* ResultRensouCell.swift in Sources */,
				DB3E21101EE3D57000F7CC24 /* QuestionViewController.swift in Sources */,
				DB22F5B11F1B5781005BBC12 /* RankingViewController.swift in Sources */,
			);
			runOnlyForDeploymentPostprocessing = 0;
		};
		DB9F09111ED6F23500F3A263 /* Sources */ = {
			isa = PBXSourcesBuildPhase;
			buildActionMask = 2147483647;
			files = (
				DB9F091A1ED6F23600F3A263 /* rensouTests.swift in Sources */,
			);
			runOnlyForDeploymentPostprocessing = 0;
		};
		DB9F091C1ED6F23600F3A263 /* Sources */ = {
			isa = PBXSourcesBuildPhase;
			buildActionMask = 2147483647;
			files = (
				DB9F09251ED6F23600F3A263 /* rensouUITests.swift in Sources */,
			);
			runOnlyForDeploymentPostprocessing = 0;
		};
/* End PBXSourcesBuildPhase section */

/* Begin PBXTargetDependency section */
		DB9F09171ED6F23500F3A263 /* PBXTargetDependency */ = {
			isa = PBXTargetDependency;
			target = DB9F09001ED6F23500F3A263 /* rensou */;
			targetProxy = DB9F09161ED6F23500F3A263 /* PBXContainerItemProxy */;
		};
		DB9F09221ED6F23600F3A263 /* PBXTargetDependency */ = {
			isa = PBXTargetDependency;
			target = DB9F09001ED6F23500F3A263 /* rensou */;
			targetProxy = DB9F09211ED6F23600F3A263 /* PBXContainerItemProxy */;
		};
/* End PBXTargetDependency section */

/* Begin PBXVariantGroup section */
		DB9F09081ED6F23500F3A263 /* Main.storyboard */ = {
			isa = PBXVariantGroup;
			children = (
				DB9F09091ED6F23500F3A263 /* Base */,
			);
			name = Main.storyboard;
			sourceTree = "<group>";
		};
		DB9F090D1ED6F23500F3A263 /* LaunchScreen.storyboard */ = {
			isa = PBXVariantGroup;
			children = (
				DB9F090E1ED6F23500F3A263 /* Base */,
			);
			name = LaunchScreen.storyboard;
			sourceTree = "<group>";
		};
/* End PBXVariantGroup section */

/* Begin XCBuildConfiguration section */
		DB9F09271ED6F23600F3A263 /* Debug */ = {
			isa = XCBuildConfiguration;
			buildSettings = {
				ALWAYS_SEARCH_USER_PATHS = NO;
				CLANG_ANALYZER_NONNULL = YES;
				CLANG_ANALYZER_NUMBER_OBJECT_CONVERSION = YES_AGGRESSIVE;
				CLANG_CXX_LANGUAGE_STANDARD = "gnu++0x";
				CLANG_CXX_LIBRARY = "libc++";
				CLANG_ENABLE_MODULES = YES;
				CLANG_ENABLE_OBJC_ARC = YES;
				CLANG_WARN_BLOCK_CAPTURE_AUTORELEASING = YES;
				CLANG_WARN_BOOL_CONVERSION = YES;
				CLANG_WARN_COMMA = YES;
				CLANG_WARN_CONSTANT_CONVERSION = YES;
				CLANG_WARN_DIRECT_OBJC_ISA_USAGE = YES_ERROR;
				CLANG_WARN_DOCUMENTATION_COMMENTS = YES;
				CLANG_WARN_EMPTY_BODY = YES;
				CLANG_WARN_ENUM_CONVERSION = YES;
				CLANG_WARN_INFINITE_RECURSION = YES;
				CLANG_WARN_INT_CONVERSION = YES;
				CLANG_WARN_NON_LITERAL_NULL_CONVERSION = YES;
				CLANG_WARN_OBJC_LITERAL_CONVERSION = YES;
				CLANG_WARN_OBJC_ROOT_CLASS = YES_ERROR;
				CLANG_WARN_RANGE_LOOP_ANALYSIS = YES;
				CLANG_WARN_STRICT_PROTOTYPES = YES;
				CLANG_WARN_SUSPICIOUS_MOVE = YES;
				CLANG_WARN_UNREACHABLE_CODE = YES;
				CLANG_WARN__DUPLICATE_METHOD_MATCH = YES;
				"CODE_SIGN_IDENTITY[sdk=iphoneos*]" = "iPhone Developer";
				COPY_PHASE_STRIP = NO;
				DEBUG_INFORMATION_FORMAT = dwarf;
				ENABLE_STRICT_OBJC_MSGSEND = YES;
				ENABLE_TESTABILITY = YES;
				GCC_C_LANGUAGE_STANDARD = gnu99;
				GCC_DYNAMIC_NO_PIC = NO;
				GCC_NO_COMMON_BLOCKS = YES;
				GCC_OPTIMIZATION_LEVEL = 0;
				GCC_PREPROCESSOR_DEFINITIONS = (
					"DEBUG=1",
					"$(inherited)",
				);
				GCC_WARN_64_TO_32_BIT_CONVERSION = YES;
				GCC_WARN_ABOUT_RETURN_TYPE = YES_ERROR;
				GCC_WARN_UNDECLARED_SELECTOR = YES;
				GCC_WARN_UNINITIALIZED_AUTOS = YES_AGGRESSIVE;
				GCC_WARN_UNUSED_FUNCTION = YES;
				GCC_WARN_UNUSED_VARIABLE = YES;
				IPHONEOS_DEPLOYMENT_TARGET = 10.3;
				MTL_ENABLE_DEBUG_INFO = YES;
				ONLY_ACTIVE_ARCH = YES;
				SDKROOT = iphoneos;
				SWIFT_ACTIVE_COMPILATION_CONDITIONS = DEBUG;
				SWIFT_OPTIMIZATION_LEVEL = "-Onone";
				SWIFT_SWIFT3_OBJC_INFERENCE = Off;
				SWIFT_VERSION = 4.0;
				TARGETED_DEVICE_FAMILY = "1,2";
			};
			name = Debug;
		};
		DB9F09281ED6F23600F3A263 /* Release */ = {
			isa = XCBuildConfiguration;
			buildSettings = {
				ALWAYS_SEARCH_USER_PATHS = NO;
				CLANG_ANALYZER_NONNULL = YES;
				CLANG_ANALYZER_NUMBER_OBJECT_CONVERSION = YES_AGGRESSIVE;
				CLANG_CXX_LANGUAGE_STANDARD = "gnu++0x";
				CLANG_CXX_LIBRARY = "libc++";
				CLANG_ENABLE_MODULES = YES;
				CLANG_ENABLE_OBJC_ARC = YES;
				CLANG_WARN_BLOCK_CAPTURE_AUTORELEASING = YES;
				CLANG_WARN_BOOL_CONVERSION = YES;
				CLANG_WARN_COMMA = YES;
				CLANG_WARN_CONSTANT_CONVERSION = YES;
				CLANG_WARN_DIRECT_OBJC_ISA_USAGE = YES_ERROR;
				CLANG_WARN_DOCUMENTATION_COMMENTS = YES;
				CLANG_WARN_EMPTY_BODY = YES;
				CLANG_WARN_ENUM_CONVERSION = YES;
				CLANG_WARN_INFINITE_RECURSION = YES;
				CLANG_WARN_INT_CONVERSION = YES;
				CLANG_WARN_NON_LITERAL_NULL_CONVERSION = YES;
				CLANG_WARN_OBJC_LITERAL_CONVERSION = YES;
				CLANG_WARN_OBJC_ROOT_CLASS = YES_ERROR;
				CLANG_WARN_RANGE_LOOP_ANALYSIS = YES;
				CLANG_WARN_STRICT_PROTOTYPES = YES;
				CLANG_WARN_SUSPICIOUS_MOVE = YES;
				CLANG_WARN_UNREACHABLE_CODE = YES;
				CLANG_WARN__DUPLICATE_METHOD_MATCH = YES;
				"CODE_SIGN_IDENTITY[sdk=iphoneos*]" = "iPhone Developer";
				COPY_PHASE_STRIP = NO;
				DEBUG_INFORMATION_FORMAT = "dwarf-with-dsym";
				ENABLE_NS_ASSERTIONS = NO;
				ENABLE_STRICT_OBJC_MSGSEND = YES;
				GCC_C_LANGUAGE_STANDARD = gnu99;
				GCC_NO_COMMON_BLOCKS = YES;
				GCC_WARN_64_TO_32_BIT_CONVERSION = YES;
				GCC_WARN_ABOUT_RETURN_TYPE = YES_ERROR;
				GCC_WARN_UNDECLARED_SELECTOR = YES;
				GCC_WARN_UNINITIALIZED_AUTOS = YES_AGGRESSIVE;
				GCC_WARN_UNUSED_FUNCTION = YES;
				GCC_WARN_UNUSED_VARIABLE = YES;
				IPHONEOS_DEPLOYMENT_TARGET = 10.3;
				MTL_ENABLE_DEBUG_INFO = NO;
				SDKROOT = iphoneos;
				SWIFT_OPTIMIZATION_LEVEL = "-Owholemodule";
				SWIFT_SWIFT3_OBJC_INFERENCE = Off;
				SWIFT_VERSION = 4.0;
				TARGETED_DEVICE_FAMILY = "1,2";
				VALIDATE_PRODUCT = YES;
			};
			name = Release;
		};
		DB9F092A1ED6F23600F3A263 /* Debug */ = {
			isa = XCBuildConfiguration;
			baseConfigurationReference = 6F4E282EE9999A319449E1DD /* Pods-rensou.debug.xcconfig */;
			buildSettings = {
				ASSETCATALOG_COMPILER_APPICON_NAME = AppIcon;
				DEVELOPMENT_TEAM = 36XBSC9G66;
				INFOPLIST_FILE = rensou/Info.plist;
				IPHONEOS_DEPLOYMENT_TARGET = 10.3;
				LD_RUNPATH_SEARCH_PATHS = "$(inherited) @executable_path/Frameworks";
				PRODUCT_BUNDLE_IDENTIFIER = com.u1fukui.rensou;
				PRODUCT_NAME = "$(TARGET_NAME)";
				SWIFT_SWIFT3_OBJC_INFERENCE = On;
				SWIFT_VERSION = 4.0;
			};
			name = Debug;
		};
		DB9F092B1ED6F23600F3A263 /* Release */ = {
			isa = XCBuildConfiguration;
			baseConfigurationReference = 9D65FC8154DEB366FC061C75 /* Pods-rensou.release.xcconfig */;
			buildSettings = {
				ASSETCATALOG_COMPILER_APPICON_NAME = AppIcon;
				DEVELOPMENT_TEAM = 36XBSC9G66;
				INFOPLIST_FILE = rensou/Info.plist;
				IPHONEOS_DEPLOYMENT_TARGET = 10.3;
				LD_RUNPATH_SEARCH_PATHS = "$(inherited) @executable_path/Frameworks";
				PRODUCT_BUNDLE_IDENTIFIER = com.u1fukui.rensou;
				PRODUCT_NAME = "$(TARGET_NAME)";
				SWIFT_SWIFT3_OBJC_INFERENCE = On;
				SWIFT_VERSION = 4.0;
			};
			name = Release;
		};
		DB9F092D1ED6F23600F3A263 /* Debug */ = {
			isa = XCBuildConfiguration;
			baseConfigurationReference = 61C4DCE39D2F494AF7FF9B2A /* Pods-rensouTests.debug.xcconfig */;
			buildSettings = {
				ALWAYS_EMBED_SWIFT_STANDARD_LIBRARIES = YES;
				BUNDLE_LOADER = "$(TEST_HOST)";
				INFOPLIST_FILE = rensouTests/Info.plist;
				LD_RUNPATH_SEARCH_PATHS = "$(inherited) @executable_path/Frameworks @loader_path/Frameworks";
				PRODUCT_BUNDLE_IDENTIFIER = com.u1fukui.rensouTests;
				PRODUCT_NAME = "$(TARGET_NAME)";
				SWIFT_SWIFT3_OBJC_INFERENCE = On;
				SWIFT_VERSION = 4.0;
				TEST_HOST = "$(BUILT_PRODUCTS_DIR)/rensou.app/rensou";
			};
			name = Debug;
		};
		DB9F092E1ED6F23600F3A263 /* Release */ = {
			isa = XCBuildConfiguration;
			baseConfigurationReference = 02A6C3FD50C9D77682A3B9FF /* Pods-rensouTests.release.xcconfig */;
			buildSettings = {
				ALWAYS_EMBED_SWIFT_STANDARD_LIBRARIES = YES;
				BUNDLE_LOADER = "$(TEST_HOST)";
				INFOPLIST_FILE = rensouTests/Info.plist;
				LD_RUNPATH_SEARCH_PATHS = "$(inherited) @executable_path/Frameworks @loader_path/Frameworks";
				PRODUCT_BUNDLE_IDENTIFIER = com.u1fukui.rensouTests;
				PRODUCT_NAME = "$(TARGET_NAME)";
				SWIFT_SWIFT3_OBJC_INFERENCE = On;
				SWIFT_VERSION = 4.0;
				TEST_HOST = "$(BUILT_PRODUCTS_DIR)/rensou.app/rensou";
			};
			name = Release;
		};
		DB9F09301ED6F23600F3A263 /* Debug */ = {
			isa = XCBuildConfiguration;
			baseConfigurationReference = C6DE68A412D37A4188F41860 /* Pods-rensouUITests.debug.xcconfig */;
			buildSettings = {
				ALWAYS_EMBED_SWIFT_STANDARD_LIBRARIES = YES;
				INFOPLIST_FILE = rensouUITests/Info.plist;
				LD_RUNPATH_SEARCH_PATHS = "$(inherited) @executable_path/Frameworks @loader_path/Frameworks";
				PRODUCT_BUNDLE_IDENTIFIER = com.u1fukui.rensouUITests;
				PRODUCT_NAME = "$(TARGET_NAME)";
				SWIFT_SWIFT3_OBJC_INFERENCE = On;
				SWIFT_VERSION = 4.0;
				TEST_TARGET_NAME = rensou;
			};
			name = Debug;
		};
		DB9F09311ED6F23600F3A263 /* Release */ = {
			isa = XCBuildConfiguration;
			baseConfigurationReference = F3055DA17A215869B67F6CE4 /* Pods-rensouUITests.release.xcconfig */;
			buildSettings = {
				ALWAYS_EMBED_SWIFT_STANDARD_LIBRARIES = YES;
				INFOPLIST_FILE = rensouUITests/Info.plist;
				LD_RUNPATH_SEARCH_PATHS = "$(inherited) @executable_path/Frameworks @loader_path/Frameworks";
				PRODUCT_BUNDLE_IDENTIFIER = com.u1fukui.rensouUITests;
				PRODUCT_NAME = "$(TARGET_NAME)";
				SWIFT_SWIFT3_OBJC_INFERENCE = On;
				SWIFT_VERSION = 4.0;
				TEST_TARGET_NAME = rensou;
			};
			name = Release;
		};
/* End XCBuildConfiguration section */

/* Begin XCConfigurationList section */
		DB9F08FC1ED6F23500F3A263 /* Build configuration list for PBXProject "rensou" */ = {
			isa = XCConfigurationList;
			buildConfigurations = (
				DB9F09271ED6F23600F3A263 /* Debug */,
				DB9F09281ED6F23600F3A263 /* Release */,
			);
			defaultConfigurationIsVisible = 0;
			defaultConfigurationName = Release;
		};
		DB9F09291ED6F23600F3A263 /* Build configuration list for PBXNativeTarget "rensou" */ = {
			isa = XCConfigurationList;
			buildConfigurations = (
				DB9F092A1ED6F23600F3A263 /* Debug */,
				DB9F092B1ED6F23600F3A263 /* Release */,
			);
			defaultConfigurationIsVisible = 0;
			defaultConfigurationName = Release;
		};
		DB9F092C1ED6F23600F3A263 /* Build configuration list for PBXNativeTarget "rensouTests" */ = {
			isa = XCConfigurationList;
			buildConfigurations = (
				DB9F092D1ED6F23600F3A263 /* Debug */,
				DB9F092E1ED6F23600F3A263 /* Release */,
			);
			defaultConfigurationIsVisible = 0;
			defaultConfigurationName = Release;
		};
		DB9F092F1ED6F23600F3A263 /* Build configuration list for PBXNativeTarget "rensouUITests" */ = {
			isa = XCConfigurationList;
			buildConfigurations = (
				DB9F09301ED6F23600F3A263 /* Debug */,
				DB9F09311ED6F23600F3A263 /* Release */,
			);
			defaultConfigurationIsVisible = 0;
			defaultConfigurationName = Release;
		};
/* End XCConfigurationList section */
	};
	rootObject = DB9F08F91ED6F23500F3A263 /* Project object */;
}
